%{
  "acceptor_pool": {:hex, :acceptor_pool, "1.0.0", "43c20d2acae35f0c2bcd64f9d2bde267e459f0f3fd23dab26485bf518c281b21", [:rebar3], [], "hexpm", "0cbcd83fdc8b9ad2eee2067ef8b91a14858a5883cb7cd800e6fcd5803e158788"},
  "bunt": {:hex, :bunt, "1.0.0", "081c2c665f086849e6d57900292b3a161727ab40431219529f13c4ddcf3e7a44", [:mix], [], "hexpm", "dc5f86aa08a5f6fa6b8096f0735c4e76d54ae5c9fa2c143e5a1fc7c1cd9bb6b5"},
  "castle": {:hex, :castle, "0.3.1", "e5d4f20696d878052a23c13158e1d372b24d9b30a6ea6f52fa6063c21c5ad67e", [:mix], [{:forecastle, "~> 0.1.3", [hex: :forecastle, repo: "hexpm", optional: false]}], "hexpm", "3ee9ca04b069280ab4197fe753562958729c83b3aa08125255116a989e133835"},
  "certifi": {:hex, :certifi, "2.14.0", "ed3bef654e69cde5e6c022df8070a579a79e8ba2368a00acf3d75b82d9aceeed", [:rebar3], [], "hexpm", "ea59d87ef89da429b8e905264fdec3419f84f2215bb3d81e07a18aac919026c3"},
  "chacha20": {:hex, :chacha20, "1.0.4", "0359d8f9a32269271044c1b471d5cf69660c362a7c61a98f73a05ef0b5d9eb9e", [:mix], [], "hexpm", "2027f5d321ae9903f1f0da7f51b0635ad6b8819bc7fe397837930a2011bc2349"},
  "chatterbox": {:hex, :ts_chatterbox, "0.15.1", "5cac4d15dd7ad61fc3c4415ce4826fc563d4643dee897a558ec4ea0b1c835c9c", [:rebar3], [{:hpack, "~> 0.3.0", [hex: :hpack_erl, repo: "hexpm", optional: false]}], "hexpm", "4f75b91451338bc0da5f52f3480fa6ef6e3a2aeecfc33686d6b3d0a0948f31aa"},
  "cowlib": {:hex, :cowlib, "2.15.0", "3c97a318a933962d1c12b96ab7c1d728267d2c523c25a5b57b0f93392b6e9e25", [:make, :rebar3], [], "hexpm", "4f00c879a64b4fe7c8fcb42a4281925e9ffdb928820b03c3ad325a617e857532"},
  "credo": {:hex, :credo, "1.7.12", "9e3c20463de4b5f3f23721527fcaf16722ec815e70ff6c60b86412c695d426c1", [:mix], [{:bunt, "~> 0.2.1 or ~> 1.0", [hex: :bunt, repo: "hexpm", optional: false]}, {:file_system, "~> 0.2 or ~> 1.0", [hex: :file_system, repo: "hexpm", optional: false]}, {:jason, "~> 1.0", [hex: :jason, repo: "hexpm", optional: false]}], "hexpm", "8493d45c656c5427d9c729235b99d498bd133421f3e0a683e5c1b561471291e5"},
  "ctx": {:hex, :ctx, "0.6.0", "8ff88b70e6400c4df90142e7f130625b82086077a45364a78d208ed3ed53c7fe", [:rebar3], [], "hexpm", "a14ed2d1b67723dbebbe423b28d7615eb0bdcba6ff28f2d1f1b0a7e1d4aa5fc2"},
  "curve25519": {:hex, :curve25519, "1.0.5", "f801179424e4012049fcfcfcda74ac04f65d0ffceeb80e7ef1d3352deb09f5bb", [:mix], [], "hexpm", "0fba3ad55bf1154d4d5fc3ae5fb91b912b77b13f0def6ccb3a5d58168ff4192d"},
  "db_connection": {:hex, :db_connection, "2.7.0", "b99faa9291bb09892c7da373bb82cba59aefa9b36300f6145c5f201c7adf48ec", [:mix], [{:telemetry, "~> 0.4 or ~> 1.0", [hex: :telemetry, repo: "hexpm", optional: false]}], "hexpm", "dcf08f31b2701f857dfc787fbad78223d61a32204f217f15e881dd93e4bdd3ff"},
  "decimal": {:hex, :decimal, "2.3.0", "3ad6255aa77b4a3c4f818171b12d237500e63525c2fd056699967a3e7ea20f62", [:mix], [], "hexpm", "a4d66355cb29cb47c3cf30e71329e58361cfcb37c34235ef3bf1d7bf3773aeac"},
  "dialyxir": {:hex, :dialyxir, "1.4.5", "ca1571ac18e0f88d4ab245f0b60fa31ff1b12cbae2b11bd25d207f865e8ae78a", [:mix], [{:erlex, ">= 0.2.7", [hex: :erlex, repo: "hexpm", optional: false]}], "hexpm", "b0fb08bb8107c750db5c0b324fa2df5ceaa0f9307690ee3c1f6ba5b9eb5d35c3"},
  "earmark_parser": {:hex, :earmark_parser, "1.4.44", "f20830dd6b5c77afe2b063777ddbbff09f9759396500cdbe7523efd58d7a339c", [:mix], [], "hexpm", "4778ac752b4701a5599215f7030989c989ffdc4f6df457c5f36938cc2d2a2750"},
  "ecto": {:hex, :ecto, "3.12.5", "4a312960ce612e17337e7cefcf9be45b95a3be6b36b6f94dfb3d8c361d631866", [:mix], [{:decimal, "~> 2.0", [hex: :decimal, repo: "hexpm", optional: false]}, {:jason, "~> 1.0", [hex: :jason, repo: "hexpm", optional: true]}, {:telemetry, "~> 0.4 or ~> 1.0", [hex: :telemetry, repo: "hexpm", optional: false]}], "hexpm", "6eb18e80bef8bb57e17f5a7f068a1719fbda384d40fc37acb8eb8aeca493b6ea"},
  "ecto_sql": {:hex, :ecto_sql, "3.12.1", "c0d0d60e85d9ff4631f12bafa454bc392ce8b9ec83531a412c12a0d415a3a4d0", [:mix], [{:db_connection, "~> 2.4.1 or ~> 2.5", [hex: :db_connection, repo: "hexpm", optional: false]}, {:ecto, "~> 3.12", [hex: :ecto, repo: "hexpm", optional: false]}, {:myxql, "~> 0.7", [hex: :myxql, repo: "hexpm", optional: true]}, {:postgrex, "~> 0.19 or ~> 1.0", [hex: :postgrex, repo: "hexpm", optional: true]}, {:tds, "~> 2.1.1 or ~> 2.2", [hex: :tds, repo: "hexpm", optional: true]}, {:telemetry, "~> 0.4.0 or ~> 1.0", [hex: :telemetry, repo: "hexpm", optional: false]}], "hexpm", "aff5b958a899762c5f09028c847569f7dfb9cc9d63bdb8133bff8a5546de6bf5"},
  "ed25519": {:hex, :ed25519, "1.4.1", "479fb83c3e31987c9cad780e6aeb8f2015fb5a482618cdf2a825c9aff809afc4", [:mix], [], "hexpm", "0dacb84f3faa3d8148e81019ca35f9d8dcee13232c32c9db5c2fb8ff48c80ec7"},
  "equivalex": {:hex, :equivalex, "1.0.3", "170d9a82ae066e0020dfe1cf7811381669565922eb3359f6c91d7e9a1124ff74", [:mix], [], "hexpm", "46fa311adb855117d36e461b9c0ad2598f72110ad17ad73d7533c78020e045fc"},
  "erlex": {:hex, :erlex, "0.2.7", "810e8725f96ab74d17aac676e748627a07bc87eb950d2b83acd29dc047a30595", [:mix], [], "hexpm", "3ed95f79d1a844c3f6bf0cea61e0d5612a42ce56da9c03f01df538685365efb0"},
  "ex_doc": {:hex, :ex_doc, "0.38.1", "bae0a0bd5b5925b1caef4987e3470902d072d03347114ffe03a55dbe206dd4c2", [:mix], [{:earmark_parser, "~> 1.4.44", [hex: :earmark_parser, repo: "hexpm", optional: false]}, {:makeup_c, ">= 0.1.0", [hex: :makeup_c, repo: "hexpm", optional: true]}, {:makeup_elixir, "~> 0.14 or ~> 1.0", [hex: :makeup_elixir, repo: "hexpm", optional: false]}, {:makeup_erlang, "~> 0.1 or ~> 1.0", [hex: :makeup_erlang, repo: "hexpm", optional: false]}, {:makeup_html, ">= 0.1.0", [hex: :makeup_html, repo: "hexpm", optional: true]}], "hexpm", "754636236d191b895e1e4de2ebb504c057fe1995fdfdd92e9d75c4b05633008b"},
  "file_system": {:hex, :file_system, "1.1.0", "08d232062284546c6c34426997dd7ef6ec9f8bbd090eb91780283c9016840e8f", [:mix], [], "hexpm", "bfcf81244f416871f2a2e15c1b515287faa5db9c6bcf290222206d120b3d43f6"},
  "forecastle": {:hex, :forecastle, "0.1.3", "b07d217ef10799e6d6cc7e47407858e77b1a8cb248f15185534de3403de3aa42", [:mix], [], "hexpm", "07e1ffa79c56f3e0ead59f17c0163a747dafc210ca8f244a7e65a4bfa98dc96d"},
  "gproc": {:hex, :gproc, "0.9.1", "f1df0364423539cf0b80e8201c8b1839e229e5f9b3ccb944c5834626998f5b8c", [:rebar3], [], "hexpm", "905088e32e72127ed9466f0bac0d8e65704ca5e73ee5a62cb073c3117916d507"},
  "grpcbox": {:hex, :grpcbox, "0.17.1", "6e040ab3ef16fe699ffb513b0ef8e2e896da7b18931a1ef817143037c454bcce", [:rebar3], [{:acceptor_pool, "~> 1.0.0", [hex: :acceptor_pool, repo: "hexpm", optional: false]}, {:chatterbox, "~> 0.15.1", [hex: :ts_chatterbox, repo: "hexpm", optional: false]}, {:ctx, "~> 0.6.0", [hex: :ctx, repo: "hexpm", optional: false]}, {:gproc, "~> 0.9.1", [hex: :gproc, repo: "hexpm", optional: false]}], "hexpm", "4a3b5d7111daabc569dc9cbd9b202a3237d81c80bf97212fbc676832cb0ceb17"},
  "gun": {:hex, :gun, "2.2.0", "b8f6b7d417e277d4c2b0dc3c07dfdf892447b087f1cc1caff9c0f556b884e33d", [:make, :rebar3], [{:cowlib, ">= 2.15.0 and < 3.0.0", [hex: :cowlib, repo: "hexpm", optional: false]}], "hexpm", "76022700c64287feb4df93a1795cff6741b83fb37415c40c34c38d2a4645261a"},
  "hpack": {:hex, :hpack_erl, "0.3.0", "2461899cc4ab6a0ef8e970c1661c5fc6a52d3c25580bc6dd204f84ce94669926", [:rebar3], [], "hexpm", "d6137d7079169d8c485c6962dfe261af5b9ef60fbc557344511c1e65e3d95fb0"},
  "jason": {:hex, :jason, "1.4.4", "b9226785a9aa77b6857ca22832cffa5d5011a667207eb2a0ad56adb5db443b8a", [:mix], [{:decimal, "~> 1.0 or ~> 2.0", [hex: :decimal, repo: "hexpm", optional: true]}], "hexpm", "c5eb0cab91f094599f94d55bc63409236a8ec69a21a67814529e8d5f6cc90b3b"},
  "kcl": {:hex, :kcl, "1.4.2", "8b73a55a14899dc172fcb05a13a754ac171c8165c14f65043382d567922f44ab", [:mix], [{:curve25519, ">= 1.0.4", [hex: :curve25519, repo: "hexpm", optional: false]}, {:ed25519, "~> 1.3", [hex: :ed25519, repo: "hexpm", optional: false]}, {:poly1305, "~> 1.0", [hex: :poly1305, repo: "hexpm", optional: false]}, {:salsa20, "~> 1.0", [hex: :salsa20, repo: "hexpm", optional: false]}], "hexpm", "9f083dd3844d902df6834b258564a82b21a15eb9f6acdc98e8df0c10feeabf05"},
  "logger_json": {:hex, :logger_json, "7.0.3", "0f202788d743154796bd208e1078d878bb4fccf0adc4ed9c83cba821732d326c", [:mix], [{:decimal, ">= 0.0.0", [hex: :decimal, repo: "hexpm", optional: true]}, {:ecto, "~> 3.11", [hex: :ecto, repo: "hexpm", optional: true]}, {:jason, "~> 1.4", [hex: :jason, repo: "hexpm", optional: true]}, {:plug, "~> 1.15", [hex: :plug, repo: "hexpm", optional: true]}, {:telemetry, "~> 1.0", [hex: :telemetry, repo: "hexpm", optional: true]}], "hexpm", "9d1ca7dfe77eb7eac4664edfd6f874168d4707aedbedea09fba8eaa6ed2e2f97"},
  "makeup": {:hex, :makeup, "1.2.1", "e90ac1c65589ef354378def3ba19d401e739ee7ee06fb47f94c687016e3713d1", [:mix], [{:nimble_parsec, "~> 1.4", [hex: :nimble_parsec, repo: "hexpm", optional: false]}], "hexpm", "d36484867b0bae0fea568d10131197a4c2e47056a6fbe84922bf6ba71c8d17ce"},
  "makeup_elixir": {:hex, :makeup_elixir, "1.0.1", "e928a4f984e795e41e3abd27bfc09f51db16ab8ba1aebdba2b3a575437efafc2", [:mix], [{:makeup, "~> 1.0", [hex: :makeup, repo: "hexpm", optional: false]}, {:nimble_parsec, "~> 1.2.3 or ~> 1.3", [hex: :nimble_parsec, repo: "hexpm", optional: false]}], "hexpm", "7284900d412a3e5cfd97fdaed4f5ed389b8f2b4cb49efc0eb3bd10e2febf9507"},
  "makeup_erlang": {:hex, :makeup_erlang, "1.0.2", "03e1804074b3aa64d5fad7aa64601ed0fb395337b982d9bcf04029d68d51b6a7", [:mix], [{:makeup, "~> 1.0", [hex: :makeup, repo: "hexpm", optional: false]}], "hexpm", "af33ff7ef368d5893e4a267933e7744e46ce3cf1f61e2dccf53a111ed3aa3727"},
  "mime": {:hex, :mime, "2.0.7", "b8d739037be7cd402aee1ba0306edfdef982687ee7e9859bee6198c1e7e2f128", [:mix], [], "hexpm", "6171188e399ee16023ffc5b76ce445eb6d9672e2e241d2df6050f3c771e80ccd"},
  "nimble_parsec": {:hex, :nimble_parsec, "1.4.2", "8efba0122db06df95bfaa78f791344a89352ba04baedd3849593bfce4d0dc1c6", [:mix], [], "hexpm", "4b21398942dda052b403bbe1da991ccd03a053668d147d53fb8c4e0efe09c973"},
  "nostrum": {:hex, :nostrum, "0.10.4", "a316d08b19104f34c5fd5aa56674907350899a5f0c2483afdf5586296bd0ce07", [:mix], [{:castle, "~> 0.3.0", [hex: :castle, repo: "hexpm", optional: false]}, {:certifi, "~> 2.13", [hex: :certifi, repo: "hexpm", optional: false]}, {:ezstd, "~> 1.1", [hex: :ezstd, repo: "hexpm", optional: true]}, {:gun, "~> 2.0", [hex: :gun, repo: "hexpm", optional: false]}, {:jason, "~> 1.4", [hex: :jason, repo: "hexpm", optional: false]}, {:mime, "~> 1.6 or ~> 2.0", [hex: :mime, repo: "hexpm", optional: false]}], "hexpm", "fcc2642bf5b09792865ec2c26c1a11c6aa5432bc623a65dd81141e1eab9f1b99"},
  "opentelemetry": {:hex, :opentelemetry, "1.5.0", "7dda6551edfc3050ea4b0b40c0d2570423d6372b97e9c60793263ef62c53c3c2", [:rebar3], [{:opentelemetry_api, "~> 1.4", [hex: :opentelemetry_api, repo: "hexpm", optional: false]}], "hexpm", "cdf4f51d17b592fc592b9a75f86a6f808c23044ba7cf7b9534debbcc5c23b0ee"},
  "opentelemetry_api": {:hex, :opentelemetry_api, "1.4.0", "63ca1742f92f00059298f478048dfb826f4b20d49534493d6919a0db39b6db04", [:mix, :rebar3], [], "hexpm", "3dfbbfaa2c2ed3121c5c483162836c4f9027def469c41578af5ef32589fcfc58"},
  "opentelemetry_ecto": {:hex, :opentelemetry_ecto, "1.2.0", "2382cb47ddc231f953d3b8263ed029d87fbf217915a1da82f49159d122b64865", [:mix], [{:opentelemetry_api, "~> 1.0", [hex: :opentelemetry_api, repo: "hexpm", optional: false]}, {:opentelemetry_process_propagator, "~> 0.2", [hex: :opentelemetry_process_propagator, repo: "hexpm", optional: false]}, {:telemetry, "~> 0.4 or ~> 1.0", [hex: :telemetry, repo: "hexpm", optional: false]}], "hexpm", "70dfa2e79932e86f209df00e36c980b17a32f82d175f0068bf7ef9a96cf080cf"},
  "opentelemetry_exporter": {:hex, :opentelemetry_exporter, "1.8.0", "5d546123230771ef4174e37bedfd77e3374913304cd6ea3ca82a2add49cd5d56", [:rebar3], [{:grpcbox, ">= 0.0.0", [hex: :grpcbox, repo: "hexpm", optional: false]}, {:opentelemetry, "~> 1.5.0", [hex: :opentelemetry, repo: "hexpm", optional: false]}, {:opentelemetry_api, "~> 1.4.0", [hex: :opentelemetry_api, repo: "hexpm", optional: false]}, {:tls_certificate_check, "~> 1.18", [hex: :tls_certificate_check, repo: "hexpm", optional: false]}], "hexpm", "a1f9f271f8d3b02b81462a6bfef7075fd8457fdb06adff5d2537df5e2264d9af"},
  "opentelemetry_process_propagator": {:hex, :opentelemetry_process_propagator, "0.3.0", "ef5b2059403a1e2b2d2c65914e6962e56371570b8c3ab5323d7a8d3444fb7f84", [:mix, :rebar3], [{:opentelemetry_api, "~> 1.0", [hex: :opentelemetry_api, repo: "hexpm", optional: false]}], "hexpm", "7243cb6de1523c473cba5b1aefa3f85e1ff8cc75d08f367104c1e11919c8c029"},
  "opentelemetry_semantic_conventions": {:hex, :opentelemetry_semantic_conventions, "0.2.0", "b67fe459c2938fcab341cb0951c44860c62347c005ace1b50f8402576f241435", [:mix, :rebar3], [], "hexpm", "d61fa1f5639ee8668d74b527e6806e0503efc55a42db7b5f39939d84c07d6895"},
  "poly1305": {:hex, :poly1305, "1.0.4", "7cdc8961a0a6e00a764835918cdb8ade868044026df8ef5d718708ea6cc06611", [:mix], [{:chacha20, "~> 1.0", [hex: :chacha20, repo: "hexpm", optional: false]}, {:equivalex, "~> 1.0", [hex: :equivalex, repo: "hexpm", optional: false]}], "hexpm", "e14e684661a5195e149b3139db4a1693579d4659d65bba115a307529c47dbc3b"},
  "postgrex": {:hex, :postgrex, "0.20.0", "363ed03ab4757f6bc47942eff7720640795eb557e1935951c1626f0d303a3aed", [:mix], [{:db_connection, "~> 2.1", [hex: :db_connection, repo: "hexpm", optional: false]}, {:decimal, "~> 1.5 or ~> 2.0", [hex: :decimal, repo: "hexpm", optional: false]}, {:jason, "~> 1.0", [hex: :jason, repo: "hexpm", optional: true]}, {:table, "~> 0.1.0", [hex: :table, repo: "hexpm", optional: true]}], "hexpm", "d36ef8b36f323d29505314f704e21a1a038e2dc387c6409ee0cd24144e187c0f"},
  "salsa20": {:hex, :salsa20, "1.0.4", "404cbea1fa8e68a41bcc834c0a2571ac175580fec01cc38cc70c0fb9ffc87e9b", [:mix], [], "hexpm", "745ddcd8cfa563ddb0fd61e7ce48d5146279a2cf7834e1da8441b369fdc58ac6"},
  "ssl_verify_fun": {:hex, :ssl_verify_fun, "1.1.7", "354c321cf377240c7b8716899e182ce4890c5938111a1296add3ec74cf1715df", [:make, :mix, :rebar3], [], "hexpm", "fe4c190e8f37401d30167c8c405eda19469f34577987c76dde613e838bbc67f8"},
  "tcp_health_check": {:hex, :tcp_health_check, "0.1.0", "4dc66c314b386f1270b57881ba5fc2f89d880a502e60615a9ab2753ee43b0c86", [:mix], [], "hexpm", "1507e762f495d7ca58ab17d605119af1d01c373a332d90468f577a38d03d5a03"},
  "telemetry": {:hex, :telemetry, "1.3.0", "fedebbae410d715cf8e7062c96a1ef32ec22e764197f70cda73d82778d61e7a2", [:rebar3], [], "hexpm", "7015fc8919dbe63764f4b4b87a95b7c0996bd539e0d499be6ec9d7f3875b79e6"},
  "tls_certificate_check": {:hex, :tls_certificate_check, "1.27.0", "2c1c7fc922a329b9eb45ddf39113c998bbdeb28a534219cd884431e2aee1811e", [:rebar3], [{:ssl_verify_fun, "~> 1.1", [hex: :ssl_verify_fun, repo: "hexpm", optional: false]}], "hexpm", "51a5ad3dbd72d4694848965f3b5076e8b55d70eb8d5057fcddd536029ab8a23c"},
}
